
Microsoft Visual Studio Solution File, Format Version 12.00
# Visual Studio Version 16
VisualStudioVersion = 16.6.30114.105
MinimumVisualStudioVersion = 10.0.40219.1
Project("{9A19103F-16F7-4668-BE54-9A1E7A4F7556}") = "R5T.D0038.Base", "R5T.D0038.Base\R5T.D0038.Base.csproj", "{9209D447-A133-445D-8ADB-7F7CDB514F4A}"
EndProject
Project("{2150E333-8FDC-42A3-9474-1A3956D46DE8}") = "_Dependencies", "_Dependencies", "{3E91B74F-A2A9-4C9D-8DAB-7E5A7D7678A3}"
EndProject
Project("{9A19103F-16F7-4668-BE54-9A1E7A4F7556}") = "R5T.T0010", "..\..\R5T.T0010\source\R5T.T0010\R5T.T0010.csproj", "{9B90D798-3A23-4927-9F17-4C159D60D5AC}"
EndProject
Project("{9A19103F-16F7-4668-BE54-9A1E7A4F7556}") = "R5T.Stagira", "..\..\R5T.Stagira\source\R5T.Stagira\R5T.Stagira.csproj", "{6F890777-AB59-4D37-B416-9A779AE16B0E}"
EndProject
Project("{9A19103F-16F7-4668-BE54-9A1E7A4F7556}") = "R5T.L0001", "..\..\R5T.L0001\source\R5T.L0001\R5T.L0001.csproj", "{1A717381-E36D-40E6-B807-1ADE895A7C44}"
EndProject
Project("{9A19103F-16F7-4668-BE54-9A1E7A4F7556}") = "R5T.D0038.L0001", "R5T.D0038.L0001\R5T.D0038.L0001.csproj", "{52E141CC-4859-42F9-8210-104CDDAE1008}"
EndProject
Project("{9A19103F-16F7-4668-BE54-9A1E7A4F7556}") = "R5T.T0008", "..\..\R5T.T0008\source\R5T.T0008\R5T.T0008.csproj", "{C9F89348-49D5-49ED-824E-946DAFBBC177}"
EndProject
Project("{9A19103F-16F7-4668-BE54-9A1E7A4F7556}") = "R5T.L0001.Extensions", "..\..\R5T.L0001\source\R5T.L0001.Extensions\R5T.L0001.Extensions.csproj", "{53886889-5ADC-42D0-9FCD-A9D8A8437A48}"
EndProject
Project("{9A19103F-16F7-4668-BE54-9A1E7A4F7556}") = "R5T.Dacia.Extensions", "..\..\R5T.Dacia.Extensions\source\R5T.Dacia.Extensions\R5T.Dacia.Extensions.csproj", "{25269C69-13CF-4C83-88CA-30EB657AC531}"
EndProject
Project("{9A19103F-16F7-4668-BE54-9A1E7A4F7556}") = "R5T.Dacia", "..\..\R5T.Dacia\source\R5T.Dacia\R5T.Dacia.csproj", "{25875894-1394-4789-B653-9BD1E502EFA3}"
EndProject
Project("{9A19103F-16F7-4668-BE54-9A1E7A4F7556}") = "R5T.Magyar", "..\..\R5T.Magyar\source\R5T.Magyar\R5T.Magyar.csproj", "{F8DFCA7F-DC2B-4914-8F45-A8A2C75474DA}"
EndProject
Project("{9A19103F-16F7-4668-BE54-9A1E7A4F7556}") = "R5T.D0046.Base", "..\..\R5T.D0046\source\R5T.D0046.Base\R5T.D0046.Base.csproj", "{F135C627-3B9C-4A35-9053-1703F13C9ABD}"
EndProject
Project("{9A19103F-16F7-4668-BE54-9A1E7A4F7556}") = "R5T.Aalborg", "..\..\R5T.Aalborg\source\R5T.Aalborg\R5T.Aalborg.csproj", "{222D29A7-5FE3-46E1-83A5-A83CB2D72F5B}"
EndProject
Project("{9A19103F-16F7-4668-BE54-9A1E7A4F7556}") = "R5T.Aalborg.Abstractions", "..\..\R5T.Aalborg\source\R5T.Aalborg.Abstractions\R5T.Aalborg.Abstractions.csproj", "{592B0C2D-6708-467B-8409-9634BFD96CD4}"
EndProject
Project("{9A19103F-16F7-4668-BE54-9A1E7A4F7556}") = "R5T.Dacia.T002", "..\..\R5T.Dacia\source\R5T.Dacia.T002\R5T.Dacia.T002.csproj", "{5F99E163-2206-4E72-B5A3-354BDC8ABD5A}"
EndProject
Project("{FAE04EC0-301F-11D3-BF4B-00C04F79EFBC}") = "R5T.D0038.A002", "R5T.D0038.A002\R5T.D0038.A002.csproj", "{28FE83D0-0447-490A-9402-565106A9C561}"
EndProject
Project("{9A19103F-16F7-4668-BE54-9A1E7A4F7556}") = "R5T.D0082.D001.Base", "..\..\R5T.D0082\source\R5T.D0082.D001.Base\R5T.D0082.D001.Base.csproj", "{CB42E250-B9A5-4C66-B66C-24BFAF468037}"
EndProject
Project("{9A19103F-16F7-4668-BE54-9A1E7A4F7556}") = "R5T.D0046.Default", "..\..\R5T.D0046\source\R5T.D0046.Default\R5T.D0046.Default.csproj", "{1C591551-27E7-4782-A629-962C4751B6FE}"
EndProject
Global
	GlobalSection(SolutionConfigurationPlatforms) = preSolution
		Debug|Any CPU = Debug|Any CPU
		Debug|x64 = Debug|x64
		Debug|x86 = Debug|x86
		Release|Any CPU = Release|Any CPU
		Release|x64 = Release|x64
		Release|x86 = Release|x86
	EndGlobalSection
	GlobalSection(ProjectConfigurationPlatforms) = postSolution
		{9209D447-A133-445D-8ADB-7F7CDB514F4A}.Debug|Any CPU.ActiveCfg = Debug|Any CPU
		{9209D447-A133-445D-8ADB-7F7CDB514F4A}.Debug|Any CPU.Build.0 = Debug|Any CPU
		{9209D447-A133-445D-8ADB-7F7CDB514F4A}.Debug|x64.ActiveCfg = Debug|Any CPU
		{9209D447-A133-445D-8ADB-7F7CDB514F4A}.Debug|x64.Build.0 = Debug|Any CPU
		{9209D447-A133-445D-8ADB-7F7CDB514F4A}.Debug|x86.ActiveCfg = Debug|Any CPU
		{9209D447-A133-445D-8ADB-7F7CDB514F4A}.Debug|x86.Build.0 = Debug|Any CPU
		{9209D447-A133-445D-8ADB-7F7CDB514F4A}.Release|Any CPU.ActiveCfg = Release|Any CPU
		{9209D447-A133-445D-8ADB-7F7CDB514F4A}.Release|Any CPU.Build.0 = Release|Any CPU
		{9209D447-A133-445D-8ADB-7F7CDB514F4A}.Release|x64.ActiveCfg = Release|Any CPU
		{9209D447-A133-445D-8ADB-7F7CDB514F4A}.Release|x64.Build.0 = Release|Any CPU
		{9209D447-A133-445D-8ADB-7F7CDB514F4A}.Release|x86.ActiveCfg = Release|Any CPU
		{9209D447-A133-445D-8ADB-7F7CDB514F4A}.Release|x86.Build.0 = Release|Any CPU
		{9B90D798-3A23-4927-9F17-4C159D60D5AC}.Debug|Any CPU.ActiveCfg = Debug|Any CPU
		{9B90D798-3A23-4927-9F17-4C159D60D5AC}.Debug|Any CPU.Build.0 = Debug|Any CPU
		{9B90D798-3A23-4927-9F17-4C159D60D5AC}.Debug|x64.ActiveCfg = Debug|Any CPU
		{9B90D798-3A23-4927-9F17-4C159D60D5AC}.Debug|x64.Build.0 = Debug|Any CPU
		{9B90D798-3A23-4927-9F17-4C159D60D5AC}.Debug|x86.ActiveCfg = Debug|Any CPU
		{9B90D798-3A23-4927-9F17-4C159D60D5AC}.Debug|x86.Build.0 = Debug|Any CPU
		{9B90D798-3A23-4927-9F17-4C159D60D5AC}.Release|Any CPU.ActiveCfg = Release|Any CPU
		{9B90D798-3A23-4927-9F17-4C159D60D5AC}.Release|Any CPU.Build.0 = Release|Any CPU
		{9B90D798-3A23-4927-9F17-4C159D60D5AC}.Release|x64.ActiveCfg = Release|Any CPU
		{9B90D798-3A23-4927-9F17-4C159D60D5AC}.Release|x64.Build.0 = Release|Any CPU
		{9B90D798-3A23-4927-9F17-4C159D60D5AC}.Release|x86.ActiveCfg = Release|Any CPU
		{9B90D798-3A23-4927-9F17-4C159D60D5AC}.Release|x86.Build.0 = Release|Any CPU
		{6F890777-AB59-4D37-B416-9A779AE16B0E}.Debug|Any CPU.ActiveCfg = Debug|Any CPU
		{6F890777-AB59-4D37-B416-9A779AE16B0E}.Debug|Any CPU.Build.0 = Debug|Any CPU
		{6F890777-AB59-4D37-B416-9A779AE16B0E}.Debug|x64.ActiveCfg = Debug|Any CPU
		{6F890777-AB59-4D37-B416-9A779AE16B0E}.Debug|x64.Build.0 = Debug|Any CPU
		{6F890777-AB59-4D37-B416-9A779AE16B0E}.Debug|x86.ActiveCfg = Debug|Any CPU
		{6F890777-AB59-4D37-B416-9A779AE16B0E}.Debug|x86.Build.0 = Debug|Any CPU
		{6F890777-AB59-4D37-B416-9A779AE16B0E}.Release|Any CPU.ActiveCfg = Release|Any CPU
		{6F890777-AB59-4D37-B416-9A779AE16B0E}.Release|Any CPU.Build.0 = Release|Any CPU
		{6F890777-AB59-4D37-B416-9A779AE16B0E}.Release|x64.ActiveCfg = Release|Any CPU
		{6F890777-AB59-4D37-B416-9A779AE16B0E}.Release|x64.Build.0 = Release|Any CPU
		{6F890777-AB59-4D37-B416-9A779AE16B0E}.Release|x86.ActiveCfg = Release|Any CPU
		{6F890777-AB59-4D37-B416-9A779AE16B0E}.Release|x86.Build.0 = Release|Any CPU
		{1A717381-E36D-40E6-B807-1ADE895A7C44}.Debug|Any CPU.ActiveCfg = Debug|Any CPU
		{1A717381-E36D-40E6-B807-1ADE895A7C44}.Debug|Any CPU.Build.0 = Debug|Any CPU
		{1A717381-E36D-40E6-B807-1ADE895A7C44}.Debug|x64.ActiveCfg = Debug|Any CPU
		{1A717381-E36D-40E6-B807-1ADE895A7C44}.Debug|x64.Build.0 = Debug|Any CPU
		{1A717381-E36D-40E6-B807-1ADE895A7C44}.Debug|x86.ActiveCfg = Debug|Any CPU
		{1A717381-E36D-40E6-B807-1ADE895A7C44}.Debug|x86.Build.0 = Debug|Any CPU
		{1A717381-E36D-40E6-B807-1ADE895A7C44}.Release|Any CPU.ActiveCfg = Release|Any CPU
		{1A717381-E36D-40E6-B807-1ADE895A7C44}.Release|Any CPU.Build.0 = Release|Any CPU
		{1A717381-E36D-40E6-B807-1ADE895A7C44}.Release|x64.ActiveCfg = Release|Any CPU
		{1A717381-E36D-40E6-B807-1ADE895A7C44}.Release|x64.Build.0 = Release|Any CPU
		{1A717381-E36D-40E6-B807-1ADE895A7C44}.Release|x86.ActiveCfg = Release|Any CPU
		{1A717381-E36D-40E6-B807-1ADE895A7C44}.Release|x86.Build.0 = Release|Any CPU
		{52E141CC-4859-42F9-8210-104CDDAE1008}.Debug|Any CPU.ActiveCfg = Debug|Any CPU
		{52E141CC-4859-42F9-8210-104CDDAE1008}.Debug|Any CPU.Build.0 = Debug|Any CPU
		{52E141CC-4859-42F9-8210-104CDDAE1008}.Debug|x64.ActiveCfg = Debug|Any CPU
		{52E141CC-4859-42F9-8210-104CDDAE1008}.Debug|x64.Build.0 = Debug|Any CPU
		{52E141CC-4859-42F9-8210-104CDDAE1008}.Debug|x86.ActiveCfg = Debug|Any CPU
		{52E141CC-4859-42F9-8210-104CDDAE1008}.Debug|x86.Build.0 = Debug|Any CPU
		{52E141CC-4859-42F9-8210-104CDDAE1008}.Release|Any CPU.ActiveCfg = Release|Any CPU
		{52E141CC-4859-42F9-8210-104CDDAE1008}.Release|Any CPU.Build.0 = Release|Any CPU
		{52E141CC-4859-42F9-8210-104CDDAE1008}.Release|x64.ActiveCfg = Release|Any CPU
		{52E141CC-4859-42F9-8210-104CDDAE1008}.Release|x64.Build.0 = Release|Any CPU
		{52E141CC-4859-42F9-8210-104CDDAE1008}.Release|x86.ActiveCfg = Release|Any CPU
		{52E141CC-4859-42F9-8210-104CDDAE1008}.Release|x86.Build.0 = Release|Any CPU
		{C9F89348-49D5-49ED-824E-946DAFBBC177}.Debug|Any CPU.ActiveCfg = Debug|Any CPU
		{C9F89348-49D5-49ED-824E-946DAFBBC177}.Debug|Any CPU.Build.0 = Debug|Any CPU
		{C9F89348-49D5-49ED-824E-946DAFBBC177}.Debug|x64.ActiveCfg = Debug|Any CPU
		{C9F89348-49D5-49ED-824E-946DAFBBC177}.Debug|x64.Build.0 = Debug|Any CPU
		{C9F89348-49D5-49ED-824E-946DAFBBC177}.Debug|x86.ActiveCfg = Debug|Any CPU
		{C9F89348-49D5-49ED-824E-946DAFBBC177}.Debug|x86.Build.0 = Debug|Any CPU
		{C9F89348-49D5-49ED-824E-946DAFBBC177}.Release|Any CPU.ActiveCfg = Release|Any CPU
		{C9F89348-49D5-49ED-824E-946DAFBBC177}.Release|Any CPU.Build.0 = Release|Any CPU
		{C9F89348-49D5-49ED-824E-946DAFBBC177}.Release|x64.ActiveCfg = Release|Any CPU
		{C9F89348-49D5-49ED-824E-946DAFBBC177}.Release|x64.Build.0 = Release|Any CPU
		{C9F89348-49D5-49ED-824E-946DAFBBC177}.Release|x86.ActiveCfg = Release|Any CPU
		{C9F89348-49D5-49ED-824E-946DAFBBC177}.Release|x86.Build.0 = Release|Any CPU
		{53886889-5ADC-42D0-9FCD-A9D8A8437A48}.Debug|Any CPU.ActiveCfg = Debug|Any CPU
		{53886889-5ADC-42D0-9FCD-A9D8A8437A48}.Debug|Any CPU.Build.0 = Debug|Any CPU
		{53886889-5ADC-42D0-9FCD-A9D8A8437A48}.Debug|x64.ActiveCfg = Debug|Any CPU
		{53886889-5ADC-42D0-9FCD-A9D8A8437A48}.Debug|x64.Build.0 = Debug|Any CPU
		{53886889-5ADC-42D0-9FCD-A9D8A8437A48}.Debug|x86.ActiveCfg = Debug|Any CPU
		{53886889-5ADC-42D0-9FCD-A9D8A8437A48}.Debug|x86.Build.0 = Debug|Any CPU
		{53886889-5ADC-42D0-9FCD-A9D8A8437A48}.Release|Any CPU.ActiveCfg = Release|Any CPU
		{53886889-5ADC-42D0-9FCD-A9D8A8437A48}.Release|Any CPU.Build.0 = Release|Any CPU
		{53886889-5ADC-42D0-9FCD-A9D8A8437A48}.Release|x64.ActiveCfg = Release|Any CPU
		{53886889-5ADC-42D0-9FCD-A9D8A8437A48}.Release|x64.Build.0 = Release|Any CPU
		{53886889-5ADC-42D0-9FCD-A9D8A8437A48}.Release|x86.ActiveCfg = Release|Any CPU
		{53886889-5ADC-42D0-9FCD-A9D8A8437A48}.Release|x86.Build.0 = Release|Any CPU
		{25269C69-13CF-4C83-88CA-30EB657AC531}.Debug|Any CPU.ActiveCfg = Debug|Any CPU
		{25269C69-13CF-4C83-88CA-30EB657AC531}.Debug|Any CPU.Build.0 = Debug|Any CPU
		{25269C69-13CF-4C83-88CA-30EB657AC531}.Debug|x64.ActiveCfg = Debug|Any CPU
		{25269C69-13CF-4C83-88CA-30EB657AC531}.Debug|x64.Build.0 = Debug|Any CPU
		{25269C69-13CF-4C83-88CA-30EB657AC531}.Debug|x86.ActiveCfg = Debug|Any CPU
		{25269C69-13CF-4C83-88CA-30EB657AC531}.Debug|x86.Build.0 = Debug|Any CPU
		{25269C69-13CF-4C83-88CA-30EB657AC531}.Release|Any CPU.ActiveCfg = Release|Any CPU
		{25269C69-13CF-4C83-88CA-30EB657AC531}.Release|Any CPU.Build.0 = Release|Any CPU
		{25269C69-13CF-4C83-88CA-30EB657AC531}.Release|x64.ActiveCfg = Release|Any CPU
		{25269C69-13CF-4C83-88CA-30EB657AC531}.Release|x64.Build.0 = Release|Any CPU
		{25269C69-13CF-4C83-88CA-30EB657AC531}.Release|x86.ActiveCfg = Release|Any CPU
		{25269C69-13CF-4C83-88CA-30EB657AC531}.Release|x86.Build.0 = Release|Any CPU
		{25875894-1394-4789-B653-9BD1E502EFA3}.Debug|Any CPU.ActiveCfg = Debug|Any CPU
		{25875894-1394-4789-B653-9BD1E502EFA3}.Debug|Any CPU.Build.0 = Debug|Any CPU
		{25875894-1394-4789-B653-9BD1E502EFA3}.Debug|x64.ActiveCfg = Debug|Any CPU
		{25875894-1394-4789-B653-9BD1E502EFA3}.Debug|x64.Build.0 = Debug|Any CPU
		{25875894-1394-4789-B653-9BD1E502EFA3}.Debug|x86.ActiveCfg = Debug|Any CPU
		{25875894-1394-4789-B653-9BD1E502EFA3}.Debug|x86.Build.0 = Debug|Any CPU
		{25875894-1394-4789-B653-9BD1E502EFA3}.Release|Any CPU.ActiveCfg = Release|Any CPU
		{25875894-1394-4789-B653-9BD1E502EFA3}.Release|Any CPU.Build.0 = Release|Any CPU
		{25875894-1394-4789-B653-9BD1E502EFA3}.Release|x64.ActiveCfg = Release|Any CPU
		{25875894-1394-4789-B653-9BD1E502EFA3}.Release|x64.Build.0 = Release|Any CPU
		{25875894-1394-4789-B653-9BD1E502EFA3}.Release|x86.ActiveCfg = Release|Any CPU
		{25875894-1394-4789-B653-9BD1E502EFA3}.Release|x86.Build.0 = Release|Any CPU
		{F8DFCA7F-DC2B-4914-8F45-A8A2C75474DA}.Debug|Any CPU.ActiveCfg = Debug|Any CPU
		{F8DFCA7F-DC2B-4914-8F45-A8A2C75474DA}.Debug|Any CPU.Build.0 = Debug|Any CPU
		{F8DFCA7F-DC2B-4914-8F45-A8A2C75474DA}.Debug|x64.ActiveCfg = Debug|Any CPU
		{F8DFCA7F-DC2B-4914-8F45-A8A2C75474DA}.Debug|x64.Build.0 = Debug|Any CPU
		{F8DFCA7F-DC2B-4914-8F45-A8A2C75474DA}.Debug|x86.ActiveCfg = Debug|Any CPU
		{F8DFCA7F-DC2B-4914-8F45-A8A2C75474DA}.Debug|x86.Build.0 = Debug|Any CPU
		{F8DFCA7F-DC2B-4914-8F45-A8A2C75474DA}.Release|Any CPU.ActiveCfg = Release|Any CPU
		{F8DFCA7F-DC2B-4914-8F45-A8A2C75474DA}.Release|Any CPU.Build.0 = Release|Any CPU
		{F8DFCA7F-DC2B-4914-8F45-A8A2C75474DA}.Release|x64.ActiveCfg = Release|Any CPU
		{F8DFCA7F-DC2B-4914-8F45-A8A2C75474DA}.Release|x64.Build.0 = Release|Any CPU
		{F8DFCA7F-DC2B-4914-8F45-A8A2C75474DA}.Release|x86.ActiveCfg = Release|Any CPU
		{F8DFCA7F-DC2B-4914-8F45-A8A2C75474DA}.Release|x86.Build.0 = Release|Any CPU
		{F135C627-3B9C-4A35-9053-1703F13C9ABD}.Debug|Any CPU.ActiveCfg = Debug|Any CPU
		{F135C627-3B9C-4A35-9053-1703F13C9ABD}.Debug|Any CPU.Build.0 = Debug|Any CPU
		{F135C627-3B9C-4A35-9053-1703F13C9ABD}.Debug|x64.ActiveCfg = Debug|Any CPU
		{F135C627-3B9C-4A35-9053-1703F13C9ABD}.Debug|x64.Build.0 = Debug|Any CPU
		{F135C627-3B9C-4A35-9053-1703F13C9ABD}.Debug|x86.ActiveCfg = Debug|Any CPU
		{F135C627-3B9C-4A35-9053-1703F13C9ABD}.Debug|x86.Build.0 = Debug|Any CPU
		{F135C627-3B9C-4A35-9053-1703F13C9ABD}.Release|Any CPU.ActiveCfg = Release|Any CPU
		{F135C627-3B9C-4A35-9053-1703F13C9ABD}.Release|Any CPU.Build.0 = Release|Any CPU
		{F135C627-3B9C-4A35-9053-1703F13C9ABD}.Release|x64.ActiveCfg = Release|Any CPU
		{F135C627-3B9C-4A35-9053-1703F13C9ABD}.Release|x64.Build.0 = Release|Any CPU
		{F135C627-3B9C-4A35-9053-1703F13C9ABD}.Release|x86.ActiveCfg = Release|Any CPU
		{F135C627-3B9C-4A35-9053-1703F13C9ABD}.Release|x86.Build.0 = Release|Any CPU
		{222D29A7-5FE3-46E1-83A5-A83CB2D72F5B}.Debug|Any CPU.ActiveCfg = Debug|Any CPU
		{222D29A7-5FE3-46E1-83A5-A83CB2D72F5B}.Debug|Any CPU.Build.0 = Debug|Any CPU
		{222D29A7-5FE3-46E1-83A5-A83CB2D72F5B}.Debug|x64.ActiveCfg = Debug|Any CPU
		{222D29A7-5FE3-46E1-83A5-A83CB2D72F5B}.Debug|x64.Build.0 = Debug|Any CPU
		{222D29A7-5FE3-46E1-83A5-A83CB2D72F5B}.Debug|x86.ActiveCfg = Debug|Any CPU
		{222D29A7-5FE3-46E1-83A5-A83CB2D72F5B}.Debug|x86.Build.0 = Debug|Any CPU
		{222D29A7-5FE3-46E1-83A5-A83CB2D72F5B}.Release|Any CPU.ActiveCfg = Release|Any CPU
		{222D29A7-5FE3-46E1-83A5-A83CB2D72F5B}.Release|Any CPU.Build.0 = Release|Any CPU
		{222D29A7-5FE3-46E1-83A5-A83CB2D72F5B}.Release|x64.ActiveCfg = Release|Any CPU
		{222D29A7-5FE3-46E1-83A5-A83CB2D72F5B}.Release|x64.Build.0 = Release|Any CPU
		{222D29A7-5FE3-46E1-83A5-A83CB2D72F5B}.Release|x86.ActiveCfg = Release|Any CPU
		{222D29A7-5FE3-46E1-83A5-A83CB2D72F5B}.Release|x86.Build.0 = Release|Any CPU
		{592B0C2D-6708-467B-8409-9634BFD96CD4}.Debug|Any CPU.ActiveCfg = Debug|Any CPU
		{592B0C2D-6708-467B-8409-9634BFD96CD4}.Debug|Any CPU.Build.0 = Debug|Any CPU
		{592B0C2D-6708-467B-8409-9634BFD96CD4}.Debug|x64.ActiveCfg = Debug|Any CPU
		{592B0C2D-6708-467B-8409-9634BFD96CD4}.Debug|x64.Build.0 = Debug|Any CPU
		{592B0C2D-6708-467B-8409-9634BFD96CD4}.Debug|x86.ActiveCfg = Debug|Any CPU
		{592B0C2D-6708-467B-8409-9634BFD96CD4}.Debug|x86.Build.0 = Debug|Any CPU
		{592B0C2D-6708-467B-8409-9634BFD96CD4}.Release|Any CPU.ActiveCfg = Release|Any CPU
		{592B0C2D-6708-467B-8409-9634BFD96CD4}.Release|Any CPU.Build.0 = Release|Any CPU
		{592B0C2D-6708-467B-8409-9634BFD96CD4}.Release|x64.ActiveCfg = Release|Any CPU
		{592B0C2D-6708-467B-8409-9634BFD96CD4}.Release|x64.Build.0 = Release|Any CPU
		{592B0C2D-6708-467B-8409-9634BFD96CD4}.Release|x86.ActiveCfg = Release|Any CPU
		{592B0C2D-6708-467B-8409-9634BFD96CD4}.Release|x86.Build.0 = Release|Any CPU
		{5F99E163-2206-4E72-B5A3-354BDC8ABD5A}.Debug|Any CPU.ActiveCfg = Debug|Any CPU
		{5F99E163-2206-4E72-B5A3-354BDC8ABD5A}.Debug|Any CPU.Build.0 = Debug|Any CPU
		{5F99E163-2206-4E72-B5A3-354BDC8ABD5A}.Debug|x64.ActiveCfg = Debug|Any CPU
		{5F99E163-2206-4E72-B5A3-354BDC8ABD5A}.Debug|x64.Build.0 = Debug|Any CPU
		{5F99E163-2206-4E72-B5A3-354BDC8ABD5A}.Debug|x86.ActiveCfg = Debug|Any CPU
		{5F99E163-2206-4E72-B5A3-354BDC8ABD5A}.Debug|x86.Build.0 = Debug|Any CPU
		{5F99E163-2206-4E72-B5A3-354BDC8ABD5A}.Release|Any CPU.ActiveCfg = Release|Any CPU
		{5F99E163-2206-4E72-B5A3-354BDC8ABD5A}.Release|Any CPU.Build.0 = Release|Any CPU
		{5F99E163-2206-4E72-B5A3-354BDC8ABD5A}.Release|x64.ActiveCfg = Release|Any CPU
		{5F99E163-2206-4E72-B5A3-354BDC8ABD5A}.Release|x64.Build.0 = Release|Any CPU
		{5F99E163-2206-4E72-B5A3-354BDC8ABD5A}.Release|x86.ActiveCfg = Release|Any CPU
		{5F99E163-2206-4E72-B5A3-354BDC8ABD5A}.Release|x86.Build.0 = Release|Any CPU
		{28FE83D0-0447-490A-9402-565106A9C561}.Debug|Any CPU.ActiveCfg = Debug|Any CPU
		{28FE83D0-0447-490A-9402-565106A9C561}.Debug|Any CPU.Build.0 = Debug|Any CPU
		{28FE83D0-0447-490A-9402-565106A9C561}.Debug|x64.ActiveCfg = Debug|Any CPU
		{28FE83D0-0447-490A-9402-565106A9C561}.Debug|x64.Build.0 = Debug|Any CPU
		{28FE83D0-0447-490A-9402-565106A9C561}.Debug|x86.ActiveCfg = Debug|Any CPU
		{28FE83D0-0447-490A-9402-565106A9C561}.Debug|x86.Build.0 = Debug|Any CPU
		{28FE83D0-0447-490A-9402-565106A9C561}.Release|Any CPU.ActiveCfg = Release|Any CPU
		{28FE83D0-0447-490A-9402-565106A9C561}.Release|Any CPU.Build.0 = Release|Any CPU
		{28FE83D0-0447-490A-9402-565106A9C561}.Release|x64.ActiveCfg = Release|Any CPU
		{28FE83D0-0447-490A-9402-565106A9C561}.Release|x64.Build.0 = Release|Any CPU
		{28FE83D0-0447-490A-9402-565106A9C561}.Release|x86.ActiveCfg = Release|Any CPU
		{28FE83D0-0447-490A-9402-565106A9C561}.Release|x86.Build.0 = Release|Any CPU
		{CB42E250-B9A5-4C66-B66C-24BFAF468037}.Debug|Any CPU.ActiveCfg = Debug|Any CPU
		{CB42E250-B9A5-4C66-B66C-24BFAF468037}.Debug|Any CPU.Build.0 = Debug|Any CPU
		{CB42E250-B9A5-4C66-B66C-24BFAF468037}.Debug|x64.ActiveCfg = Debug|Any CPU
		{CB42E250-B9A5-4C66-B66C-24BFAF468037}.Debug|x64.Build.0 = Debug|Any CPU
		{CB42E250-B9A5-4C66-B66C-24BFAF468037}.Debug|x86.ActiveCfg = Debug|Any CPU
		{CB42E250-B9A5-4C66-B66C-24BFAF468037}.Debug|x86.Build.0 = Debug|Any CPU
		{CB42E250-B9A5-4C66-B66C-24BFAF468037}.Release|Any CPU.ActiveCfg = Release|Any CPU
		{CB42E250-B9A5-4C66-B66C-24BFAF468037}.Release|Any CPU.Build.0 = Release|Any CPU
		{CB42E250-B9A5-4C66-B66C-24BFAF468037}.Release|x64.ActiveCfg = Release|Any CPU
		{CB42E250-B9A5-4C66-B66C-24BFAF468037}.Release|x64.Build.0 = Release|Any CPU
		{CB42E250-B9A5-4C66-B66C-24BFAF468037}.Release|x86.ActiveCfg = Release|Any CPU
		{CB42E250-B9A5-4C66-B66C-24BFAF468037}.Release|x86.Build.0 = Release|Any CPU
		{1C591551-27E7-4782-A629-962C4751B6FE}.Debug|Any CPU.ActiveCfg = Debug|Any CPU
		{1C591551-27E7-4782-A629-962C4751B6FE}.Debug|Any CPU.Build.0 = Debug|Any CPU
		{1C591551-27E7-4782-A629-962C4751B6FE}.Debug|x64.ActiveCfg = Debug|Any CPU
		{1C591551-27E7-4782-A629-962C4751B6FE}.Debug|x64.Build.0 = Debug|Any CPU
		{1C591551-27E7-4782-A629-962C4751B6FE}.Debug|x86.ActiveCfg = Debug|Any CPU
		{1C591551-27E7-4782-A629-962C4751B6FE}.Debug|x86.Build.0 = Debug|Any CPU
		{1C591551-27E7-4782-A629-962C4751B6FE}.Release|Any CPU.ActiveCfg = Release|Any CPU
		{1C591551-27E7-4782-A629-962C4751B6FE}.Release|Any CPU.Build.0 = Release|Any CPU
		{1C591551-27E7-4782-A629-962C4751B6FE}.Release|x64.ActiveCfg = Release|Any CPU
		{1C591551-27E7-4782-A629-962C4751B6FE}.Release|x64.Build.0 = Release|Any CPU
		{1C591551-27E7-4782-A629-962C4751B6FE}.Release|x86.ActiveCfg = Release|Any CPU
		{1C591551-27E7-4782-A629-962C4751B6FE}.Release|x86.Build.0 = Release|Any CPU
	EndGlobalSection
	GlobalSection(SolutionProperties) = preSolution
		HideSolutionNode = FALSE
	EndGlobalSection
	GlobalSection(NestedProjects) = preSolution
		{9B90D798-3A23-4927-9F17-4C159D60D5AC} = {3E91B74F-A2A9-4C9D-8DAB-7E5A7D7678A3}
		{6F890777-AB59-4D37-B416-9A779AE16B0E} = {3E91B74F-A2A9-4C9D-8DAB-7E5A7D7678A3}
		{1A717381-E36D-40E6-B807-1ADE895A7C44} = {3E91B74F-A2A9-4C9D-8DAB-7E5A7D7678A3}
		{C9F89348-49D5-49ED-824E-946DAFBBC177} = {3E91B74F-A2A9-4C9D-8DAB-7E5A7D7678A3}
		{53886889-5ADC-42D0-9FCD-A9D8A8437A48} = {3E91B74F-A2A9-4C9D-8DAB-7E5A7D7678A3}
		{25269C69-13CF-4C83-88CA-30EB657AC531} = {3E91B74F-A2A9-4C9D-8DAB-7E5A7D7678A3}
		{25875894-1394-4789-B653-9BD1E502EFA3} = {3E91B74F-A2A9-4C9D-8DAB-7E5A7D7678A3}
		{F8DFCA7F-DC2B-4914-8F45-A8A2C75474DA} = {3E91B74F-A2A9-4C9D-8DAB-7E5A7D7678A3}
		{F135C627-3B9C-4A35-9053-1703F13C9ABD} = {3E91B74F-A2A9-4C9D-8DAB-7E5A7D7678A3}
		{222D29A7-5FE3-46E1-83A5-A83CB2D72F5B} = {3E91B74F-A2A9-4C9D-8DAB-7E5A7D7678A3}
		{592B0C2D-6708-467B-8409-9634BFD96CD4} = {3E91B74F-A2A9-4C9D-8DAB-7E5A7D7678A3}
		{5F99E163-2206-4E72-B5A3-354BDC8ABD5A} = {3E91B74F-A2A9-4C9D-8DAB-7E5A7D7678A3}
		{CB42E250-B9A5-4C66-B66C-24BFAF468037} = {3E91B74F-A2A9-4C9D-8DAB-7E5A7D7678A3}
		{1C591551-27E7-4782-A629-962C4751B6FE} = {3E91B74F-A2A9-4C9D-8DAB-7E5A7D7678A3}
	EndGlobalSection
	GlobalSection(ExtensibilityGlobals) = postSolution
		SolutionGuid = {E8BB0CA8-4532-4350-8FC4-39ABBEE6CAC1}
	EndGlobalSection
EndGlobal
