
Microsoft Visual Studio Solution File, Format Version 12.00
# Visual Studio 15
VisualStudioVersion = 15.0.26124.0
MinimumVisualStudioVersion = 15.0.26124.0
Project("{9A19103F-16F7-4668-BE54-9A1E7A4F7556}") = "R5T.D0038.Construction", "R5T.D0038.Construction\R5T.D0038.Construction.csproj", "{92816586-69F5-40DD-B5DA-B13A9A30F5D9}"
EndProject
Project("{9A19103F-16F7-4668-BE54-9A1E7A4F7556}") = "R5T.D0038", "R5T.D0038\R5T.D0038.csproj", "{3A255C78-E1E5-4B7A-82D5-1A029439295B}"
EndProject
Project("{FAE04EC0-301F-11D3-BF4B-00C04F79EFBC}") = "R5T.D0038.Base", "R5T.D0038.Base\R5T.D0038.Base.csproj", "{9209D447-A133-445D-8ADB-7F7CDB514F4A}"
EndProject
Project("{2150E333-8FDC-42A3-9474-1A3956D46DE8}") = "_Dependencies", "_Dependencies", "{3E91B74F-A2A9-4C9D-8DAB-7E5A7D7678A3}"
EndProject
Project("{9A19103F-16F7-4668-BE54-9A1E7A4F7556}") = "R5T.T0010", "..\..\R5T.T0010\source\R5T.T0010\R5T.T0010.csproj", "{9B90D798-3A23-4927-9F17-4C159D60D5AC}"
EndProject
Project("{9A19103F-16F7-4668-BE54-9A1E7A4F7556}") = "R5T.Stagira", "..\..\R5T.Stagira\source\R5T.Stagira\R5T.Stagira.csproj", "{6F890777-AB59-4D37-B416-9A779AE16B0E}"
EndProject
Project("{9A19103F-16F7-4668-BE54-9A1E7A4F7556}") = "R5T.L0001", "..\..\R5T.L0001\source\R5T.L0001\R5T.L0001.csproj", "{1A717381-E36D-40E6-B807-1ADE895A7C44}"
EndProject
Project("{FAE04EC0-301F-11D3-BF4B-00C04F79EFBC}") = "R5T.D0038.L0001", "R5T.D0038.L0001\R5T.D0038.L0001.csproj", "{52E141CC-4859-42F9-8210-104CDDAE1008}"
EndProject
Project("{9A19103F-16F7-4668-BE54-9A1E7A4F7556}") = "R5T.T0008", "..\..\R5T.T0008\source\R5T.T0008\R5T.T0008.csproj", "{C9F89348-49D5-49ED-824E-946DAFBBC177}"
EndProject
Project("{9A19103F-16F7-4668-BE54-9A1E7A4F7556}") = "R5T.L0001.Extensions", "..\..\R5T.L0001\source\R5T.L0001.Extensions\R5T.L0001.Extensions.csproj", "{53886889-5ADC-42D0-9FCD-A9D8A8437A48}"
EndProject
Project("{9A19103F-16F7-4668-BE54-9A1E7A4F7556}") = "R5T.Dacia.Extensions", "..\..\R5T.Dacia.Extensions\source\R5T.Dacia.Extensions\R5T.Dacia.Extensions.csproj", "{25269C69-13CF-4C83-88CA-30EB657AC531}"
EndProject
Project("{9A19103F-16F7-4668-BE54-9A1E7A4F7556}") = "R5T.Dacia", "..\..\R5T.Dacia\source\R5T.Dacia\R5T.Dacia.csproj", "{25875894-1394-4789-B653-9BD1E502EFA3}"
EndProject
Global
	GlobalSection(SolutionConfigurationPlatforms) = preSolution
		Debug|Any CPU = Debug|Any CPU
		Debug|x64 = Debug|x64
		Debug|x86 = Debug|x86
		Release|Any CPU = Release|Any CPU
		Release|x64 = Release|x64
		Release|x86 = Release|x86
	EndGlobalSection
	GlobalSection(ProjectConfigurationPlatforms) = postSolution
		{92816586-69F5-40DD-B5DA-B13A9A30F5D9}.Debug|Any CPU.ActiveCfg = Debug|Any CPU
		{92816586-69F5-40DD-B5DA-B13A9A30F5D9}.Debug|Any CPU.Build.0 = Debug|Any CPU
		{92816586-69F5-40DD-B5DA-B13A9A30F5D9}.Debug|x64.ActiveCfg = Debug|Any CPU
		{92816586-69F5-40DD-B5DA-B13A9A30F5D9}.Debug|x64.Build.0 = Debug|Any CPU
		{92816586-69F5-40DD-B5DA-B13A9A30F5D9}.Debug|x86.ActiveCfg = Debug|Any CPU
		{92816586-69F5-40DD-B5DA-B13A9A30F5D9}.Debug|x86.Build.0 = Debug|Any CPU
		{92816586-69F5-40DD-B5DA-B13A9A30F5D9}.Release|Any CPU.ActiveCfg = Release|Any CPU
		{92816586-69F5-40DD-B5DA-B13A9A30F5D9}.Release|Any CPU.Build.0 = Release|Any CPU
		{92816586-69F5-40DD-B5DA-B13A9A30F5D9}.Release|x64.ActiveCfg = Release|Any CPU
		{92816586-69F5-40DD-B5DA-B13A9A30F5D9}.Release|x64.Build.0 = Release|Any CPU
		{92816586-69F5-40DD-B5DA-B13A9A30F5D9}.Release|x86.ActiveCfg = Release|Any CPU
		{92816586-69F5-40DD-B5DA-B13A9A30F5D9}.Release|x86.Build.0 = Release|Any CPU
		{3A255C78-E1E5-4B7A-82D5-1A029439295B}.Debug|Any CPU.ActiveCfg = Debug|Any CPU
		{3A255C78-E1E5-4B7A-82D5-1A029439295B}.Debug|Any CPU.Build.0 = Debug|Any CPU
		{3A255C78-E1E5-4B7A-82D5-1A029439295B}.Debug|x64.ActiveCfg = Debug|Any CPU
		{3A255C78-E1E5-4B7A-82D5-1A029439295B}.Debug|x64.Build.0 = Debug|Any CPU
		{3A255C78-E1E5-4B7A-82D5-1A029439295B}.Debug|x86.ActiveCfg = Debug|Any CPU
		{3A255C78-E1E5-4B7A-82D5-1A029439295B}.Debug|x86.Build.0 = Debug|Any CPU
		{3A255C78-E1E5-4B7A-82D5-1A029439295B}.Release|Any CPU.ActiveCfg = Release|Any CPU
		{3A255C78-E1E5-4B7A-82D5-1A029439295B}.Release|Any CPU.Build.0 = Release|Any CPU
		{3A255C78-E1E5-4B7A-82D5-1A029439295B}.Release|x64.ActiveCfg = Release|Any CPU
		{3A255C78-E1E5-4B7A-82D5-1A029439295B}.Release|x64.Build.0 = Release|Any CPU
		{3A255C78-E1E5-4B7A-82D5-1A029439295B}.Release|x86.ActiveCfg = Release|Any CPU
		{3A255C78-E1E5-4B7A-82D5-1A029439295B}.Release|x86.Build.0 = Release|Any CPU
		{9209D447-A133-445D-8ADB-7F7CDB514F4A}.Debug|Any CPU.ActiveCfg = Debug|Any CPU
		{9209D447-A133-445D-8ADB-7F7CDB514F4A}.Debug|Any CPU.Build.0 = Debug|Any CPU
		{9209D447-A133-445D-8ADB-7F7CDB514F4A}.Debug|x64.ActiveCfg = Debug|Any CPU
		{9209D447-A133-445D-8ADB-7F7CDB514F4A}.Debug|x64.Build.0 = Debug|Any CPU
		{9209D447-A133-445D-8ADB-7F7CDB514F4A}.Debug|x86.ActiveCfg = Debug|Any CPU
		{9209D447-A133-445D-8ADB-7F7CDB514F4A}.Debug|x86.Build.0 = Debug|Any CPU
		{9209D447-A133-445D-8ADB-7F7CDB514F4A}.Release|Any CPU.ActiveCfg = Release|Any CPU
		{9209D447-A133-445D-8ADB-7F7CDB514F4A}.Release|Any CPU.Build.0 = Release|Any CPU
		{9209D447-A133-445D-8ADB-7F7CDB514F4A}.Release|x64.ActiveCfg = Release|Any CPU
		{9209D447-A133-445D-8ADB-7F7CDB514F4A}.Release|x64.Build.0 = Release|Any CPU
		{9209D447-A133-445D-8ADB-7F7CDB514F4A}.Release|x86.ActiveCfg = Release|Any CPU
		{9209D447-A133-445D-8ADB-7F7CDB514F4A}.Release|x86.Build.0 = Release|Any CPU
		{9B90D798-3A23-4927-9F17-4C159D60D5AC}.Debug|Any CPU.ActiveCfg = Debug|Any CPU
		{9B90D798-3A23-4927-9F17-4C159D60D5AC}.Debug|Any CPU.Build.0 = Debug|Any CPU
		{9B90D798-3A23-4927-9F17-4C159D60D5AC}.Debug|x64.ActiveCfg = Debug|Any CPU
		{9B90D798-3A23-4927-9F17-4C159D60D5AC}.Debug|x64.Build.0 = Debug|Any CPU
		{9B90D798-3A23-4927-9F17-4C159D60D5AC}.Debug|x86.ActiveCfg = Debug|Any CPU
		{9B90D798-3A23-4927-9F17-4C159D60D5AC}.Debug|x86.Build.0 = Debug|Any CPU
		{9B90D798-3A23-4927-9F17-4C159D60D5AC}.Release|Any CPU.ActiveCfg = Release|Any CPU
		{9B90D798-3A23-4927-9F17-4C159D60D5AC}.Release|Any CPU.Build.0 = Release|Any CPU
		{9B90D798-3A23-4927-9F17-4C159D60D5AC}.Release|x64.ActiveCfg = Release|Any CPU
		{9B90D798-3A23-4927-9F17-4C159D60D5AC}.Release|x64.Build.0 = Release|Any CPU
		{9B90D798-3A23-4927-9F17-4C159D60D5AC}.Release|x86.ActiveCfg = Release|Any CPU
		{9B90D798-3A23-4927-9F17-4C159D60D5AC}.Release|x86.Build.0 = Release|Any CPU
		{6F890777-AB59-4D37-B416-9A779AE16B0E}.Debug|Any CPU.ActiveCfg = Debug|Any CPU
		{6F890777-AB59-4D37-B416-9A779AE16B0E}.Debug|Any CPU.Build.0 = Debug|Any CPU
		{6F890777-AB59-4D37-B416-9A779AE16B0E}.Debug|x64.ActiveCfg = Debug|Any CPU
		{6F890777-AB59-4D37-B416-9A779AE16B0E}.Debug|x64.Build.0 = Debug|Any CPU
		{6F890777-AB59-4D37-B416-9A779AE16B0E}.Debug|x86.ActiveCfg = Debug|Any CPU
		{6F890777-AB59-4D37-B416-9A779AE16B0E}.Debug|x86.Build.0 = Debug|Any CPU
		{6F890777-AB59-4D37-B416-9A779AE16B0E}.Release|Any CPU.ActiveCfg = Release|Any CPU
		{6F890777-AB59-4D37-B416-9A779AE16B0E}.Release|Any CPU.Build.0 = Release|Any CPU
		{6F890777-AB59-4D37-B416-9A779AE16B0E}.Release|x64.ActiveCfg = Release|Any CPU
		{6F890777-AB59-4D37-B416-9A779AE16B0E}.Release|x64.Build.0 = Release|Any CPU
		{6F890777-AB59-4D37-B416-9A779AE16B0E}.Release|x86.ActiveCfg = Release|Any CPU
		{6F890777-AB59-4D37-B416-9A779AE16B0E}.Release|x86.Build.0 = Release|Any CPU
		{1A717381-E36D-40E6-B807-1ADE895A7C44}.Debug|Any CPU.ActiveCfg = Debug|Any CPU
		{1A717381-E36D-40E6-B807-1ADE895A7C44}.Debug|Any CPU.Build.0 = Debug|Any CPU
		{1A717381-E36D-40E6-B807-1ADE895A7C44}.Debug|x64.ActiveCfg = Debug|Any CPU
		{1A717381-E36D-40E6-B807-1ADE895A7C44}.Debug|x64.Build.0 = Debug|Any CPU
		{1A717381-E36D-40E6-B807-1ADE895A7C44}.Debug|x86.ActiveCfg = Debug|Any CPU
		{1A717381-E36D-40E6-B807-1ADE895A7C44}.Debug|x86.Build.0 = Debug|Any CPU
		{1A717381-E36D-40E6-B807-1ADE895A7C44}.Release|Any CPU.ActiveCfg = Release|Any CPU
		{1A717381-E36D-40E6-B807-1ADE895A7C44}.Release|Any CPU.Build.0 = Release|Any CPU
		{1A717381-E36D-40E6-B807-1ADE895A7C44}.Release|x64.ActiveCfg = Release|Any CPU
		{1A717381-E36D-40E6-B807-1ADE895A7C44}.Release|x64.Build.0 = Release|Any CPU
		{1A717381-E36D-40E6-B807-1ADE895A7C44}.Release|x86.ActiveCfg = Release|Any CPU
		{1A717381-E36D-40E6-B807-1ADE895A7C44}.Release|x86.Build.0 = Release|Any CPU
		{52E141CC-4859-42F9-8210-104CDDAE1008}.Debug|Any CPU.ActiveCfg = Debug|Any CPU
		{52E141CC-4859-42F9-8210-104CDDAE1008}.Debug|Any CPU.Build.0 = Debug|Any CPU
		{52E141CC-4859-42F9-8210-104CDDAE1008}.Debug|x64.ActiveCfg = Debug|Any CPU
		{52E141CC-4859-42F9-8210-104CDDAE1008}.Debug|x64.Build.0 = Debug|Any CPU
		{52E141CC-4859-42F9-8210-104CDDAE1008}.Debug|x86.ActiveCfg = Debug|Any CPU
		{52E141CC-4859-42F9-8210-104CDDAE1008}.Debug|x86.Build.0 = Debug|Any CPU
		{52E141CC-4859-42F9-8210-104CDDAE1008}.Release|Any CPU.ActiveCfg = Release|Any CPU
		{52E141CC-4859-42F9-8210-104CDDAE1008}.Release|Any CPU.Build.0 = Release|Any CPU
		{52E141CC-4859-42F9-8210-104CDDAE1008}.Release|x64.ActiveCfg = Release|Any CPU
		{52E141CC-4859-42F9-8210-104CDDAE1008}.Release|x64.Build.0 = Release|Any CPU
		{52E141CC-4859-42F9-8210-104CDDAE1008}.Release|x86.ActiveCfg = Release|Any CPU
		{52E141CC-4859-42F9-8210-104CDDAE1008}.Release|x86.Build.0 = Release|Any CPU
		{C9F89348-49D5-49ED-824E-946DAFBBC177}.Debug|Any CPU.ActiveCfg = Debug|Any CPU
		{C9F89348-49D5-49ED-824E-946DAFBBC177}.Debug|Any CPU.Build.0 = Debug|Any CPU
		{C9F89348-49D5-49ED-824E-946DAFBBC177}.Debug|x64.ActiveCfg = Debug|Any CPU
		{C9F89348-49D5-49ED-824E-946DAFBBC177}.Debug|x64.Build.0 = Debug|Any CPU
		{C9F89348-49D5-49ED-824E-946DAFBBC177}.Debug|x86.ActiveCfg = Debug|Any CPU
		{C9F89348-49D5-49ED-824E-946DAFBBC177}.Debug|x86.Build.0 = Debug|Any CPU
		{C9F89348-49D5-49ED-824E-946DAFBBC177}.Release|Any CPU.ActiveCfg = Release|Any CPU
		{C9F89348-49D5-49ED-824E-946DAFBBC177}.Release|Any CPU.Build.0 = Release|Any CPU
		{C9F89348-49D5-49ED-824E-946DAFBBC177}.Release|x64.ActiveCfg = Release|Any CPU
		{C9F89348-49D5-49ED-824E-946DAFBBC177}.Release|x64.Build.0 = Release|Any CPU
		{C9F89348-49D5-49ED-824E-946DAFBBC177}.Release|x86.ActiveCfg = Release|Any CPU
		{C9F89348-49D5-49ED-824E-946DAFBBC177}.Release|x86.Build.0 = Release|Any CPU
		{53886889-5ADC-42D0-9FCD-A9D8A8437A48}.Debug|Any CPU.ActiveCfg = Debug|Any CPU
		{53886889-5ADC-42D0-9FCD-A9D8A8437A48}.Debug|Any CPU.Build.0 = Debug|Any CPU
		{53886889-5ADC-42D0-9FCD-A9D8A8437A48}.Debug|x64.ActiveCfg = Debug|Any CPU
		{53886889-5ADC-42D0-9FCD-A9D8A8437A48}.Debug|x64.Build.0 = Debug|Any CPU
		{53886889-5ADC-42D0-9FCD-A9D8A8437A48}.Debug|x86.ActiveCfg = Debug|Any CPU
		{53886889-5ADC-42D0-9FCD-A9D8A8437A48}.Debug|x86.Build.0 = Debug|Any CPU
		{53886889-5ADC-42D0-9FCD-A9D8A8437A48}.Release|Any CPU.ActiveCfg = Release|Any CPU
		{53886889-5ADC-42D0-9FCD-A9D8A8437A48}.Release|Any CPU.Build.0 = Release|Any CPU
		{53886889-5ADC-42D0-9FCD-A9D8A8437A48}.Release|x64.ActiveCfg = Release|Any CPU
		{53886889-5ADC-42D0-9FCD-A9D8A8437A48}.Release|x64.Build.0 = Release|Any CPU
		{53886889-5ADC-42D0-9FCD-A9D8A8437A48}.Release|x86.ActiveCfg = Release|Any CPU
		{53886889-5ADC-42D0-9FCD-A9D8A8437A48}.Release|x86.Build.0 = Release|Any CPU
		{25269C69-13CF-4C83-88CA-30EB657AC531}.Debug|Any CPU.ActiveCfg = Debug|Any CPU
		{25269C69-13CF-4C83-88CA-30EB657AC531}.Debug|Any CPU.Build.0 = Debug|Any CPU
		{25269C69-13CF-4C83-88CA-30EB657AC531}.Debug|x64.ActiveCfg = Debug|Any CPU
		{25269C69-13CF-4C83-88CA-30EB657AC531}.Debug|x64.Build.0 = Debug|Any CPU
		{25269C69-13CF-4C83-88CA-30EB657AC531}.Debug|x86.ActiveCfg = Debug|Any CPU
		{25269C69-13CF-4C83-88CA-30EB657AC531}.Debug|x86.Build.0 = Debug|Any CPU
		{25269C69-13CF-4C83-88CA-30EB657AC531}.Release|Any CPU.ActiveCfg = Release|Any CPU
		{25269C69-13CF-4C83-88CA-30EB657AC531}.Release|Any CPU.Build.0 = Release|Any CPU
		{25269C69-13CF-4C83-88CA-30EB657AC531}.Release|x64.ActiveCfg = Release|Any CPU
		{25269C69-13CF-4C83-88CA-30EB657AC531}.Release|x64.Build.0 = Release|Any CPU
		{25269C69-13CF-4C83-88CA-30EB657AC531}.Release|x86.ActiveCfg = Release|Any CPU
		{25269C69-13CF-4C83-88CA-30EB657AC531}.Release|x86.Build.0 = Release|Any CPU
		{25875894-1394-4789-B653-9BD1E502EFA3}.Debug|Any CPU.ActiveCfg = Debug|Any CPU
		{25875894-1394-4789-B653-9BD1E502EFA3}.Debug|Any CPU.Build.0 = Debug|Any CPU
		{25875894-1394-4789-B653-9BD1E502EFA3}.Debug|x64.ActiveCfg = Debug|Any CPU
		{25875894-1394-4789-B653-9BD1E502EFA3}.Debug|x64.Build.0 = Debug|Any CPU
		{25875894-1394-4789-B653-9BD1E502EFA3}.Debug|x86.ActiveCfg = Debug|Any CPU
		{25875894-1394-4789-B653-9BD1E502EFA3}.Debug|x86.Build.0 = Debug|Any CPU
		{25875894-1394-4789-B653-9BD1E502EFA3}.Release|Any CPU.ActiveCfg = Release|Any CPU
		{25875894-1394-4789-B653-9BD1E502EFA3}.Release|Any CPU.Build.0 = Release|Any CPU
		{25875894-1394-4789-B653-9BD1E502EFA3}.Release|x64.ActiveCfg = Release|Any CPU
		{25875894-1394-4789-B653-9BD1E502EFA3}.Release|x64.Build.0 = Release|Any CPU
		{25875894-1394-4789-B653-9BD1E502EFA3}.Release|x86.ActiveCfg = Release|Any CPU
		{25875894-1394-4789-B653-9BD1E502EFA3}.Release|x86.Build.0 = Release|Any CPU
	EndGlobalSection
	GlobalSection(SolutionProperties) = preSolution
		HideSolutionNode = FALSE
	EndGlobalSection
	GlobalSection(NestedProjects) = preSolution
		{9B90D798-3A23-4927-9F17-4C159D60D5AC} = {3E91B74F-A2A9-4C9D-8DAB-7E5A7D7678A3}
		{6F890777-AB59-4D37-B416-9A779AE16B0E} = {3E91B74F-A2A9-4C9D-8DAB-7E5A7D7678A3}
		{1A717381-E36D-40E6-B807-1ADE895A7C44} = {3E91B74F-A2A9-4C9D-8DAB-7E5A7D7678A3}
		{C9F89348-49D5-49ED-824E-946DAFBBC177} = {3E91B74F-A2A9-4C9D-8DAB-7E5A7D7678A3}
		{53886889-5ADC-42D0-9FCD-A9D8A8437A48} = {3E91B74F-A2A9-4C9D-8DAB-7E5A7D7678A3}
		{25269C69-13CF-4C83-88CA-30EB657AC531} = {3E91B74F-A2A9-4C9D-8DAB-7E5A7D7678A3}
		{25875894-1394-4789-B653-9BD1E502EFA3} = {3E91B74F-A2A9-4C9D-8DAB-7E5A7D7678A3}
	EndGlobalSection
	GlobalSection(ExtensibilityGlobals) = postSolution
		SolutionGuid = {E8BB0CA8-4532-4350-8FC4-39ABBEE6CAC1}
	EndGlobalSection
EndGlobal
