
Microsoft Visual Studio Solution File, Format Version 12.00
# Visual Studio 15
VisualStudioVersion = 15.0.26124.0
MinimumVisualStudioVersion = 15.0.26124.0
Project("{FAE04EC0-301F-11D3-BF4B-00C04F79EFBC}") = "R5T.D0038.Construction", "R5T.D0038.Construction\R5T.D0038.Construction.csproj", "{92816586-69F5-40DD-B5DA-B13A9A30F5D9}"
EndProject
Project("{FAE04EC0-301F-11D3-BF4B-00C04F79EFBC}") = "R5T.D0038", "R5T.D0038\R5T.D0038.csproj", "{3A255C78-E1E5-4B7A-82D5-1A029439295B}"
EndProject
Global
	GlobalSection(SolutionConfigurationPlatforms) = preSolution
		Debug|Any CPU = Debug|Any CPU
		Debug|x64 = Debug|x64
		Debug|x86 = Debug|x86
		Release|Any CPU = Release|Any CPU
		Release|x64 = Release|x64
		Release|x86 = Release|x86
	EndGlobalSection
	GlobalSection(SolutionProperties) = preSolution
		HideSolutionNode = FALSE
	EndGlobalSection
	GlobalSection(ProjectConfigurationPlatforms) = postSolution
		{92816586-69F5-40DD-B5DA-B13A9A30F5D9}.Debug|Any CPU.ActiveCfg = Debug|Any CPU
		{92816586-69F5-40DD-B5DA-B13A9A30F5D9}.Debug|Any CPU.Build.0 = Debug|Any CPU
		{92816586-69F5-40DD-B5DA-B13A9A30F5D9}.Debug|x64.ActiveCfg = Debug|Any CPU
		{92816586-69F5-40DD-B5DA-B13A9A30F5D9}.Debug|x64.Build.0 = Debug|Any CPU
		{92816586-69F5-40DD-B5DA-B13A9A30F5D9}.Debug|x86.ActiveCfg = Debug|Any CPU
		{92816586-69F5-40DD-B5DA-B13A9A30F5D9}.Debug|x86.Build.0 = Debug|Any CPU
		{92816586-69F5-40DD-B5DA-B13A9A30F5D9}.Release|Any CPU.ActiveCfg = Release|Any CPU
		{92816586-69F5-40DD-B5DA-B13A9A30F5D9}.Release|Any CPU.Build.0 = Release|Any CPU
		{92816586-69F5-40DD-B5DA-B13A9A30F5D9}.Release|x64.ActiveCfg = Release|Any CPU
		{92816586-69F5-40DD-B5DA-B13A9A30F5D9}.Release|x64.Build.0 = Release|Any CPU
		{92816586-69F5-40DD-B5DA-B13A9A30F5D9}.Release|x86.ActiveCfg = Release|Any CPU
		{92816586-69F5-40DD-B5DA-B13A9A30F5D9}.Release|x86.Build.0 = Release|Any CPU
		{3A255C78-E1E5-4B7A-82D5-1A029439295B}.Debug|Any CPU.ActiveCfg = Debug|Any CPU
		{3A255C78-E1E5-4B7A-82D5-1A029439295B}.Debug|Any CPU.Build.0 = Debug|Any CPU
		{3A255C78-E1E5-4B7A-82D5-1A029439295B}.Debug|x64.ActiveCfg = Debug|Any CPU
		{3A255C78-E1E5-4B7A-82D5-1A029439295B}.Debug|x64.Build.0 = Debug|Any CPU
		{3A255C78-E1E5-4B7A-82D5-1A029439295B}.Debug|x86.ActiveCfg = Debug|Any CPU
		{3A255C78-E1E5-4B7A-82D5-1A029439295B}.Debug|x86.Build.0 = Debug|Any CPU
		{3A255C78-E1E5-4B7A-82D5-1A029439295B}.Release|Any CPU.ActiveCfg = Release|Any CPU
		{3A255C78-E1E5-4B7A-82D5-1A029439295B}.Release|Any CPU.Build.0 = Release|Any CPU
		{3A255C78-E1E5-4B7A-82D5-1A029439295B}.Release|x64.ActiveCfg = Release|Any CPU
		{3A255C78-E1E5-4B7A-82D5-1A029439295B}.Release|x64.Build.0 = Release|Any CPU
		{3A255C78-E1E5-4B7A-82D5-1A029439295B}.Release|x86.ActiveCfg = Release|Any CPU
		{3A255C78-E1E5-4B7A-82D5-1A029439295B}.Release|x86.Build.0 = Release|Any CPU
	EndGlobalSection
EndGlobal
